
Microsoft Visual Studio Solution File, Format Version 12.00
# Visual Studio Version 16
VisualStudioVersion = 16.0.30804.86
MinimumVisualStudioVersion = 10.0.40219.1
Project("{FAE04EC0-301F-11D3-BF4B-00C04F79EFBC}") = "WpfLines", "WpfLines\WpfLines.csproj", "{19F5A346-A62D-4E62-975B-8C77EF2C7B0D}"
EndProject
Project("{FAE04EC0-301F-11D3-BF4B-00C04F79EFBC}") = "WpfRectangle", "WpfRectangle\WpfRectangle.csproj", "{E1A89E90-4115-445A-AC1A-3D8E6CAF9454}"
EndProject
Project("{FAE04EC0-301F-11D3-BF4B-00C04F79EFBC}") = "WpfButtonBrush", "WpfButtonBrush\WpfButtonBrush.csproj", "{72A8CECA-9ABE-4965-8309-69138E400942}"
EndProject
Project("{FAE04EC0-301F-11D3-BF4B-00C04F79EFBC}") = "WpfEllipse", "WpfEllipse\WpfEllipse.csproj", "{98B856F8-E9FD-4938-AA87-14459D3D79CC}"
EndProject
Project("{FAE04EC0-301F-11D3-BF4B-00C04F79EFBC}") = "WpfPath", "WpfPath\WpfPath.csproj", "{505E7606-9CFC-4CB2-9A4A-C1A8B6009F33}"
EndProject
Project("{FAE04EC0-301F-11D3-BF4B-00C04F79EFBC}") = "路径标记语法", "路径标记语法\路径标记语法.csproj", "{EC590DB8-01AD-46AA-AB9F-FA158725C4A2}"
EndProject
Project("{FAE04EC0-301F-11D3-BF4B-00C04F79EFBC}") = "使用Path剪裁界面元素", "使用Path剪裁界面元素\使用Path剪裁界面元素.csproj", "{214BD273-3388-40E6-BB88-D5014CF94A0C}"
EndProject
Project("{FAE04EC0-301F-11D3-BF4B-00C04F79EFBC}") = "WpfTransform_图形的变形", "WpfTransform_图形的变形\WpfTransform_图形的变形.csproj", "{17DC59B5-ED59-4D75-82EA-45974313F96F}"
EndProject
Project("{FAE04EC0-301F-11D3-BF4B-00C04F79EFBC}") = "WpfAnimation", "WpfAnimation\WpfAnimation.csproj", "{E561F895-E809-4731-9D10-B45F5600A566}"
EndProject
Project("{FAE04EC0-301F-11D3-BF4B-00C04F79EFBC}") = "WpfStoryboard", "WpfStoryboard\WpfStoryboard.csproj", "{A28B558E-91CB-4967-933B-8E72D9ECD5A6}"
EndProject
Global
	GlobalSection(SolutionConfigurationPlatforms) = preSolution
		Debug|Any CPU = Debug|Any CPU
		Release|Any CPU = Release|Any CPU
	EndGlobalSection
	GlobalSection(ProjectConfigurationPlatforms) = postSolution
		{19F5A346-A62D-4E62-975B-8C77EF2C7B0D}.Debug|Any CPU.ActiveCfg = Debug|Any CPU
		{19F5A346-A62D-4E62-975B-8C77EF2C7B0D}.Debug|Any CPU.Build.0 = Debug|Any CPU
		{19F5A346-A62D-4E62-975B-8C77EF2C7B0D}.Release|Any CPU.ActiveCfg = Release|Any CPU
		{19F5A346-A62D-4E62-975B-8C77EF2C7B0D}.Release|Any CPU.Build.0 = Release|Any CPU
		{E1A89E90-4115-445A-AC1A-3D8E6CAF9454}.Debug|Any CPU.ActiveCfg = Debug|Any CPU
		{E1A89E90-4115-445A-AC1A-3D8E6CAF9454}.Debug|Any CPU.Build.0 = Debug|Any CPU
		{E1A89E90-4115-445A-AC1A-3D8E6CAF9454}.Release|Any CPU.ActiveCfg = Release|Any CPU
		{E1A89E90-4115-445A-AC1A-3D8E6CAF9454}.Release|Any CPU.Build.0 = Release|Any CPU
		{72A8CECA-9ABE-4965-8309-69138E400942}.Debug|Any CPU.ActiveCfg = Debug|Any CPU
		{72A8CECA-9ABE-4965-8309-69138E400942}.Debug|Any CPU.Build.0 = Debug|Any CPU
		{72A8CECA-9ABE-4965-8309-69138E400942}.Release|Any CPU.ActiveCfg = Release|Any CPU
		{72A8CECA-9ABE-4965-8309-69138E400942}.Release|Any CPU.Build.0 = Release|Any CPU
		{98B856F8-E9FD-4938-AA87-14459D3D79CC}.Debug|Any CPU.ActiveCfg = Debug|Any CPU
		{98B856F8-E9FD-4938-AA87-14459D3D79CC}.Debug|Any CPU.Build.0 = Debug|Any CPU
		{98B856F8-E9FD-4938-AA87-14459D3D79CC}.Release|Any CPU.ActiveCfg = Release|Any CPU
		{98B856F8-E9FD-4938-AA87-14459D3D79CC}.Release|Any CPU.Build.0 = Release|Any CPU
		{505E7606-9CFC-4CB2-9A4A-C1A8B6009F33}.Debug|Any CPU.ActiveCfg = Debug|Any CPU
		{505E7606-9CFC-4CB2-9A4A-C1A8B6009F33}.Debug|Any CPU.Build.0 = Debug|Any CPU
		{505E7606-9CFC-4CB2-9A4A-C1A8B6009F33}.Release|Any CPU.ActiveCfg = Release|Any CPU
		{505E7606-9CFC-4CB2-9A4A-C1A8B6009F33}.Release|Any CPU.Build.0 = Release|Any CPU
		{EC590DB8-01AD-46AA-AB9F-FA158725C4A2}.Debug|Any CPU.ActiveCfg = Debug|Any CPU
		{EC590DB8-01AD-46AA-AB9F-FA158725C4A2}.Debug|Any CPU.Build.0 = Debug|Any CPU
		{EC590DB8-01AD-46AA-AB9F-FA158725C4A2}.Release|Any CPU.ActiveCfg = Release|Any CPU
		{EC590DB8-01AD-46AA-AB9F-FA158725C4A2}.Release|Any CPU.Build.0 = Release|Any CPU
		{214BD273-3388-40E6-BB88-D5014CF94A0C}.Debug|Any CPU.ActiveCfg = Debug|Any CPU
		{214BD273-3388-40E6-BB88-D5014CF94A0C}.Debug|Any CPU.Build.0 = Debug|Any CPU
		{214BD273-3388-40E6-BB88-D5014CF94A0C}.Release|Any CPU.ActiveCfg = Release|Any CPU
		{214BD273-3388-40E6-BB88-D5014CF94A0C}.Release|Any CPU.Build.0 = Release|Any CPU
		{17DC59B5-ED59-4D75-82EA-45974313F96F}.Debug|Any CPU.ActiveCfg = Debug|Any CPU
		{17DC59B5-ED59-4D75-82EA-45974313F96F}.Debug|Any CPU.Build.0 = Debug|Any CPU
		{17DC59B5-ED59-4D75-82EA-45974313F96F}.Release|Any CPU.ActiveCfg = Release|Any CPU
		{17DC59B5-ED59-4D75-82EA-45974313F96F}.Release|Any CPU.Build.0 = Release|Any CPU
		{E561F895-E809-4731-9D10-B45F5600A566}.Debug|Any CPU.ActiveCfg = Debug|Any CPU
		{E561F895-E809-4731-9D10-B45F5600A566}.Debug|Any CPU.Build.0 = Debug|Any CPU
		{E561F895-E809-4731-9D10-B45F5600A566}.Release|Any CPU.ActiveCfg = Release|Any CPU
		{E561F895-E809-4731-9D10-B45F5600A566}.Release|Any CPU.Build.0 = Release|Any CPU
		{A28B558E-91CB-4967-933B-8E72D9ECD5A6}.Debug|Any CPU.ActiveCfg = Debug|Any CPU
		{A28B558E-91CB-4967-933B-8E72D9ECD5A6}.Debug|Any CPU.Build.0 = Debug|Any CPU
		{A28B558E-91CB-4967-933B-8E72D9ECD5A6}.Release|Any CPU.ActiveCfg = Release|Any CPU
		{A28B558E-91CB-4967-933B-8E72D9ECD5A6}.Release|Any CPU.Build.0 = Release|Any CPU
	EndGlobalSection
	GlobalSection(SolutionProperties) = preSolution
		HideSolutionNode = FALSE
	EndGlobalSection
	GlobalSection(ExtensibilityGlobals) = postSolution
		SolutionGuid = {C0F9B550-3595-4BC2-8E72-95DE1E344EF8}
	EndGlobalSection
EndGlobal
